
Microsoft Visual Studio Solution File, Format Version 12.00
# Visual Studio Version 16
VisualStudioVersion = 16.0.31624.102
MinimumVisualStudioVersion = 10.0.40219.1
Project("{9A19103F-16F7-4668-BE54-9A1E7A4F7556}") = "Arrays", "Arrays\Arrays.csproj", "{08028797-2CF0-423C-9479-8516DBF90695}"
EndProject
Project("{9A19103F-16F7-4668-BE54-9A1E7A4F7556}") = "HeroFight", "HeroFight\HeroFight.csproj", "{2FD9B678-2138-4D06-9615-37DF259C4E87}"
EndProject
Project("{FAE04EC0-301F-11D3-BF4B-00C04F79EFBC}") = "BreakfastFood", "BreakfastFood\BreakfastFood.csproj", "{40AC437E-2F33-4B04-B918-0E916AE667AB}"
EndProject
Global
	GlobalSection(SolutionConfigurationPlatforms) = preSolution
		Debug|Any CPU = Debug|Any CPU
		Release|Any CPU = Release|Any CPU
	EndGlobalSection
	GlobalSection(ProjectConfigurationPlatforms) = postSolution
		{08028797-2CF0-423C-9479-8516DBF90695}.Debug|Any CPU.ActiveCfg = Debug|Any CPU
		{08028797-2CF0-423C-9479-8516DBF90695}.Debug|Any CPU.Build.0 = Debug|Any CPU
		{08028797-2CF0-423C-9479-8516DBF90695}.Release|Any CPU.ActiveCfg = Release|Any CPU
		{08028797-2CF0-423C-9479-8516DBF90695}.Release|Any CPU.Build.0 = Release|Any CPU
		{2FD9B678-2138-4D06-9615-37DF259C4E87}.Debug|Any CPU.ActiveCfg = Debug|Any CPU
		{2FD9B678-2138-4D06-9615-37DF259C4E87}.Debug|Any CPU.Build.0 = Debug|Any CPU
		{2FD9B678-2138-4D06-9615-37DF259C4E87}.Release|Any CPU.ActiveCfg = Release|Any CPU
		{2FD9B678-2138-4D06-9615-37DF259C4E87}.Release|Any CPU.Build.0 = Release|Any CPU
		{40AC437E-2F33-4B04-B918-0E916AE667AB}.Debug|Any CPU.ActiveCfg = Debug|Any CPU
		{40AC437E-2F33-4B04-B918-0E916AE667AB}.Debug|Any CPU.Build.0 = Debug|Any CPU
		{40AC437E-2F33-4B04-B918-0E916AE667AB}.Release|Any CPU.ActiveCfg = Release|Any CPU
		{40AC437E-2F33-4B04-B918-0E916AE667AB}.Release|Any CPU.Build.0 = Release|Any CPU
	EndGlobalSection
	GlobalSection(SolutionProperties) = preSolution
		HideSolutionNode = FALSE
	EndGlobalSection
	GlobalSection(ExtensibilityGlobals) = postSolution
		SolutionGuid = {00D452FE-14BB-470F-B90C-BC82688B36DF}
	EndGlobalSection
EndGlobal
